
Microsoft Visual Studio Solution File, Format Version 10.00
# Visual Studio 2008
Project("{FAE04EC0-301F-11D3-BF4B-00C04F79EFBC}") = "CodeTime.Domain", "CodeTime.Domain\CodeTime.Domain.csproj", "{5DAC0AB6-1E7E-4A51-8D20-55D7BE592982}"
EndProject
Project("{FAE04EC0-301F-11D3-BF4B-00C04F79EFBC}") = "CodeTime.Data", "CodeTime.Data\CodeTime.Data.csproj", "{0B985454-8D2C-4B35-B155-07BDE01DDCFD}"
EndProject
Project("{FAE04EC0-301F-11D3-BF4B-00C04F79EFBC}") = "CodeTime.Test", "CodeTime.Test\CodeTime.Test.csproj", "{602771A9-31EC-4242-90DE-62964FED6427}"
EndProject
Project("{2150E333-8FDC-42A3-9474-1A3956D46DE8}") = "Solution Items", "Solution Items", "{AE0478D2-6C9B-435B-83B1-1BB275B94187}"
	ProjectSection(SolutionItems) = preProject
		CodeTime.vsmdi = CodeTime.vsmdi
		LocalTestRun.testrunconfig = LocalTestRun.testrunconfig
	EndProjectSection
EndProject
Project("{2150E333-8FDC-42A3-9474-1A3956D46DE8}") = "2_Data", "2_Data", "{57D7A9CB-2DEF-402A-9F9B-8790DFDCD963}"
EndProject
Project("{FAE04EC0-301F-11D3-BF4B-00C04F79EFBC}") = "CodeTime.Domain.Data", "CodeTime.Domain.Data\CodeTime.Domain.Data.csproj", "{CA92334C-5589-4FC4-8C36-E6E496DB9325}"
EndProject
Project("{FAE04EC0-301F-11D3-BF4B-00C04F79EFBC}") = "CodeTime.Domain.Data.Test", "CodeTime.Domain.Data.Test\CodeTime.Domain.Data.Test.csproj", "{F5B96699-C432-42AD-9A8A-05223F6E9419}"
EndProject
Project("{2150E333-8FDC-42A3-9474-1A3956D46DE8}") = "1_Infrastructure", "1_Infrastructure", "{A4A8D5E8-3F0A-4112-8028-3BD9CC32C429}"
EndProject
Project("{2150E333-8FDC-42A3-9474-1A3956D46DE8}") = "3_Domain", "3_Domain", "{2A60BEA0-00A8-45B1-82F9-7FC12889075D}"
EndProject
Project("{2150E333-8FDC-42A3-9474-1A3956D46DE8}") = "4_Service", "4_Service", "{E4A83831-729A-418E-A39C-08E0D55D2B96}"
EndProject
Project("{FAE04EC0-301F-11D3-BF4B-00C04F79EFBC}") = "CodeTime.OpenRasta.Service", "CodeTime.OpenRasta.Service\CodeTime.OpenRasta.Service.csproj", "{895CD86C-C1DC-4738-9FBD-FDF5B1E5ACB8}"
EndProject
Project("{FAE04EC0-301F-11D3-BF4B-00C04F79EFBC}") = "CodeTimeConsole", "CodeTimeConsole\CodeTimeConsole.csproj", "{AA13FF7F-CAC0-47F2-A8F1-962137A0DA22}"
EndProject
Project("{2150E333-8FDC-42A3-9474-1A3956D46DE8}") = "5_Client", "5_Client", "{D40DF44B-3508-46FC-ABB8-46E50D2E048A}"
EndProject
Project("{FAE04EC0-301F-11D3-BF4B-00C04F79EFBC}") = "CodeTime.Wpf.Shell", "CodeTime.Wpf.Shell\CodeTime.Wpf.Shell.csproj", "{69FF6D75-8169-48FD-BC3E-3D3B4822181A}"
EndProject
Project("{FAE04EC0-301F-11D3-BF4B-00C04F79EFBC}") = "CodeTime.Wpf.CodeTimeModule", "CodeTime.Wpf.CodeTimeModule\CodeTime.Wpf.CodeTimeModule.csproj", "{4218E028-9E62-4130-BAA5-E5001C8C1F75}"
EndProject
Project("{2150E333-8FDC-42A3-9474-1A3956D46DE8}") = "Projects", "Projects", "{4829B2A1-BE68-4BDF-894E-97FCFC8F6A39}"
EndProject
Project("{FAE04EC0-301F-11D3-BF4B-00C04F79EFBC}") = "CodeTime.Projects", "CodeTime.Projects\CodeTime.Projects.csproj", "{FEC50643-7D18-4B41-A9B7-B5F62B669534}"
EndProject
Project("{FAE04EC0-301F-11D3-BF4B-00C04F79EFBC}") = "CodeTime.Projects.Data", "CodeTime.Projects.Data\CodeTime.Projects.Data.csproj", "{EFAEBD3C-E60B-45F5-BCCD-69FCD556E69E}"
EndProject
Project("{FAE04EC0-301F-11D3-BF4B-00C04F79EFBC}") = "CodeTime.Projects.Wpf", "CodeTime.Projects.Wpf\CodeTime.Projects.Wpf.csproj", "{B7DC45E8-A511-4E37-95D7-139E24705FD7}"
EndProject
Project("{FAE04EC0-301F-11D3-BF4B-00C04F79EFBC}") = "CodeTime.StructureMap", "CodeTime.StructureMap\CodeTime.StructureMap.csproj", "{21FD21E6-1E2F-4F76-9376-EA0054077E97}"
EndProject
Project("{FAE04EC0-301F-11D3-BF4B-00C04F79EFBC}") = "CodeTime.Infrastructure.Wpf", "CodeTime.Infrastructure.Wpf\CodeTime.Infrastructure.Wpf.csproj", "{F70E3BF1-9032-4DA4-A6DB-E412CA2B63E0}"
EndProject
Project("{FAE04EC0-301F-11D3-BF4B-00C04F79EFBC}") = "CodeTime.Foundation", "CodeTime.Foundation\CodeTime.Foundation.csproj", "{95745C4A-0DD2-439A-9534-9942628B78DE}"
EndProject
Project("{2150E333-8FDC-42A3-9474-1A3956D46DE8}") = "0_Foundation", "0_Foundation", "{AA52DFBB-AD8D-4C5C-A688-FAC838B401D9}"
EndProject
Project("{FAE04EC0-301F-11D3-BF4B-00C04F79EFBC}") = "CodeTime.Data.NHibernate", "CodeTime.Data.NHibernate\CodeTime.Data.NHibernate.csproj", "{2806CA34-4547-4177-8713-0E2F31290EFF}"
EndProject
Global
	GlobalSection(TestCaseManagementSettings) = postSolution
		CategoryFile = CodeTime.vsmdi
	EndGlobalSection
	GlobalSection(SolutionConfigurationPlatforms) = preSolution
		Debug|Any CPU = Debug|Any CPU
		Release|Any CPU = Release|Any CPU
	EndGlobalSection
	GlobalSection(ProjectConfigurationPlatforms) = postSolution
		{5DAC0AB6-1E7E-4A51-8D20-55D7BE592982}.Debug|Any CPU.ActiveCfg = Debug|Any CPU
		{5DAC0AB6-1E7E-4A51-8D20-55D7BE592982}.Debug|Any CPU.Build.0 = Debug|Any CPU
		{5DAC0AB6-1E7E-4A51-8D20-55D7BE592982}.Release|Any CPU.ActiveCfg = Release|Any CPU
		{5DAC0AB6-1E7E-4A51-8D20-55D7BE592982}.Release|Any CPU.Build.0 = Release|Any CPU
		{0B985454-8D2C-4B35-B155-07BDE01DDCFD}.Debug|Any CPU.ActiveCfg = Debug|Any CPU
		{0B985454-8D2C-4B35-B155-07BDE01DDCFD}.Debug|Any CPU.Build.0 = Debug|Any CPU
		{0B985454-8D2C-4B35-B155-07BDE01DDCFD}.Release|Any CPU.ActiveCfg = Release|Any CPU
		{0B985454-8D2C-4B35-B155-07BDE01DDCFD}.Release|Any CPU.Build.0 = Release|Any CPU
		{602771A9-31EC-4242-90DE-62964FED6427}.Debug|Any CPU.ActiveCfg = Debug|Any CPU
		{602771A9-31EC-4242-90DE-62964FED6427}.Debug|Any CPU.Build.0 = Debug|Any CPU
		{602771A9-31EC-4242-90DE-62964FED6427}.Release|Any CPU.ActiveCfg = Release|Any CPU
		{602771A9-31EC-4242-90DE-62964FED6427}.Release|Any CPU.Build.0 = Release|Any CPU
		{CA92334C-5589-4FC4-8C36-E6E496DB9325}.Debug|Any CPU.ActiveCfg = Debug|Any CPU
		{CA92334C-5589-4FC4-8C36-E6E496DB9325}.Debug|Any CPU.Build.0 = Debug|Any CPU
		{CA92334C-5589-4FC4-8C36-E6E496DB9325}.Release|Any CPU.ActiveCfg = Release|Any CPU
		{CA92334C-5589-4FC4-8C36-E6E496DB9325}.Release|Any CPU.Build.0 = Release|Any CPU
		{F5B96699-C432-42AD-9A8A-05223F6E9419}.Debug|Any CPU.ActiveCfg = Debug|Any CPU
		{F5B96699-C432-42AD-9A8A-05223F6E9419}.Debug|Any CPU.Build.0 = Debug|Any CPU
		{F5B96699-C432-42AD-9A8A-05223F6E9419}.Release|Any CPU.ActiveCfg = Release|Any CPU
		{F5B96699-C432-42AD-9A8A-05223F6E9419}.Release|Any CPU.Build.0 = Release|Any CPU
		{895CD86C-C1DC-4738-9FBD-FDF5B1E5ACB8}.Debug|Any CPU.ActiveCfg = Debug|Any CPU
		{895CD86C-C1DC-4738-9FBD-FDF5B1E5ACB8}.Debug|Any CPU.Build.0 = Debug|Any CPU
		{895CD86C-C1DC-4738-9FBD-FDF5B1E5ACB8}.Release|Any CPU.ActiveCfg = Release|Any CPU
		{895CD86C-C1DC-4738-9FBD-FDF5B1E5ACB8}.Release|Any CPU.Build.0 = Release|Any CPU
		{AA13FF7F-CAC0-47F2-A8F1-962137A0DA22}.Debug|Any CPU.ActiveCfg = Debug|Any CPU
		{AA13FF7F-CAC0-47F2-A8F1-962137A0DA22}.Debug|Any CPU.Build.0 = Debug|Any CPU
		{AA13FF7F-CAC0-47F2-A8F1-962137A0DA22}.Release|Any CPU.ActiveCfg = Release|Any CPU
		{AA13FF7F-CAC0-47F2-A8F1-962137A0DA22}.Release|Any CPU.Build.0 = Release|Any CPU
		{69FF6D75-8169-48FD-BC3E-3D3B4822181A}.Debug|Any CPU.ActiveCfg = Debug|Any CPU
		{69FF6D75-8169-48FD-BC3E-3D3B4822181A}.Debug|Any CPU.Build.0 = Debug|Any CPU
		{69FF6D75-8169-48FD-BC3E-3D3B4822181A}.Release|Any CPU.ActiveCfg = Release|Any CPU
		{69FF6D75-8169-48FD-BC3E-3D3B4822181A}.Release|Any CPU.Build.0 = Release|Any CPU
		{4218E028-9E62-4130-BAA5-E5001C8C1F75}.Debug|Any CPU.ActiveCfg = Debug|Any CPU
		{4218E028-9E62-4130-BAA5-E5001C8C1F75}.Debug|Any CPU.Build.0 = Debug|Any CPU
		{4218E028-9E62-4130-BAA5-E5001C8C1F75}.Release|Any CPU.ActiveCfg = Release|Any CPU
		{4218E028-9E62-4130-BAA5-E5001C8C1F75}.Release|Any CPU.Build.0 = Release|Any CPU
		{FEC50643-7D18-4B41-A9B7-B5F62B669534}.Debug|Any CPU.ActiveCfg = Debug|Any CPU
		{FEC50643-7D18-4B41-A9B7-B5F62B669534}.Debug|Any CPU.Build.0 = Debug|Any CPU
		{FEC50643-7D18-4B41-A9B7-B5F62B669534}.Release|Any CPU.ActiveCfg = Release|Any CPU
		{FEC50643-7D18-4B41-A9B7-B5F62B669534}.Release|Any CPU.Build.0 = Release|Any CPU
		{EFAEBD3C-E60B-45F5-BCCD-69FCD556E69E}.Debug|Any CPU.ActiveCfg = Debug|Any CPU
		{EFAEBD3C-E60B-45F5-BCCD-69FCD556E69E}.Debug|Any CPU.Build.0 = Debug|Any CPU
		{EFAEBD3C-E60B-45F5-BCCD-69FCD556E69E}.Release|Any CPU.ActiveCfg = Release|Any CPU
		{EFAEBD3C-E60B-45F5-BCCD-69FCD556E69E}.Release|Any CPU.Build.0 = Release|Any CPU
		{B7DC45E8-A511-4E37-95D7-139E24705FD7}.Debug|Any CPU.ActiveCfg = Debug|Any CPU
		{B7DC45E8-A511-4E37-95D7-139E24705FD7}.Debug|Any CPU.Build.0 = Debug|Any CPU
		{B7DC45E8-A511-4E37-95D7-139E24705FD7}.Release|Any CPU.ActiveCfg = Release|Any CPU
		{B7DC45E8-A511-4E37-95D7-139E24705FD7}.Release|Any CPU.Build.0 = Release|Any CPU
		{21FD21E6-1E2F-4F76-9376-EA0054077E97}.Debug|Any CPU.ActiveCfg = Debug|Any CPU
		{21FD21E6-1E2F-4F76-9376-EA0054077E97}.Debug|Any CPU.Build.0 = Debug|Any CPU
		{21FD21E6-1E2F-4F76-9376-EA0054077E97}.Release|Any CPU.ActiveCfg = Release|Any CPU
		{21FD21E6-1E2F-4F76-9376-EA0054077E97}.Release|Any CPU.Build.0 = Release|Any CPU
		{F70E3BF1-9032-4DA4-A6DB-E412CA2B63E0}.Debug|Any CPU.ActiveCfg = Debug|Any CPU
		{F70E3BF1-9032-4DA4-A6DB-E412CA2B63E0}.Debug|Any CPU.Build.0 = Debug|Any CPU
		{F70E3BF1-9032-4DA4-A6DB-E412CA2B63E0}.Release|Any CPU.ActiveCfg = Release|Any CPU
		{F70E3BF1-9032-4DA4-A6DB-E412CA2B63E0}.Release|Any CPU.Build.0 = Release|Any CPU
		{95745C4A-0DD2-439A-9534-9942628B78DE}.Debug|Any CPU.ActiveCfg = Debug|Any CPU
		{95745C4A-0DD2-439A-9534-9942628B78DE}.Debug|Any CPU.Build.0 = Debug|Any CPU
		{95745C4A-0DD2-439A-9534-9942628B78DE}.Release|Any CPU.ActiveCfg = Release|Any CPU
		{95745C4A-0DD2-439A-9534-9942628B78DE}.Release|Any CPU.Build.0 = Release|Any CPU
		{2806CA34-4547-4177-8713-0E2F31290EFF}.Debug|Any CPU.ActiveCfg = Debug|Any CPU
		{2806CA34-4547-4177-8713-0E2F31290EFF}.Debug|Any CPU.Build.0 = Debug|Any CPU
		{2806CA34-4547-4177-8713-0E2F31290EFF}.Release|Any CPU.ActiveCfg = Release|Any CPU
		{2806CA34-4547-4177-8713-0E2F31290EFF}.Release|Any CPU.Build.0 = Release|Any CPU
	EndGlobalSection
	GlobalSection(SolutionProperties) = preSolution
		HideSolutionNode = FALSE
	EndGlobalSection
	GlobalSection(NestedProjects) = preSolution
		{602771A9-31EC-4242-90DE-62964FED6427} = {A4A8D5E8-3F0A-4112-8028-3BD9CC32C429}
		{21FD21E6-1E2F-4F76-9376-EA0054077E97} = {A4A8D5E8-3F0A-4112-8028-3BD9CC32C429}
		{F70E3BF1-9032-4DA4-A6DB-E412CA2B63E0} = {A4A8D5E8-3F0A-4112-8028-3BD9CC32C429}
		{CA92334C-5589-4FC4-8C36-E6E496DB9325} = {2A60BEA0-00A8-45B1-82F9-7FC12889075D}
		{F5B96699-C432-42AD-9A8A-05223F6E9419} = {2A60BEA0-00A8-45B1-82F9-7FC12889075D}
		{5DAC0AB6-1E7E-4A51-8D20-55D7BE592982} = {2A60BEA0-00A8-45B1-82F9-7FC12889075D}
		{0B985454-8D2C-4B35-B155-07BDE01DDCFD} = {57D7A9CB-2DEF-402A-9F9B-8790DFDCD963}
		{2806CA34-4547-4177-8713-0E2F31290EFF} = {57D7A9CB-2DEF-402A-9F9B-8790DFDCD963}
		{895CD86C-C1DC-4738-9FBD-FDF5B1E5ACB8} = {E4A83831-729A-418E-A39C-08E0D55D2B96}
		{69FF6D75-8169-48FD-BC3E-3D3B4822181A} = {D40DF44B-3508-46FC-ABB8-46E50D2E048A}
		{4218E028-9E62-4130-BAA5-E5001C8C1F75} = {D40DF44B-3508-46FC-ABB8-46E50D2E048A}
		{FEC50643-7D18-4B41-A9B7-B5F62B669534} = {4829B2A1-BE68-4BDF-894E-97FCFC8F6A39}
		{EFAEBD3C-E60B-45F5-BCCD-69FCD556E69E} = {4829B2A1-BE68-4BDF-894E-97FCFC8F6A39}
		{B7DC45E8-A511-4E37-95D7-139E24705FD7} = {4829B2A1-BE68-4BDF-894E-97FCFC8F6A39}
		{95745C4A-0DD2-439A-9534-9942628B78DE} = {AA52DFBB-AD8D-4C5C-A688-FAC838B401D9}
	EndGlobalSection
EndGlobal
